
Microsoft Visual Studio Solution File, Format Version 12.00
# Visual Studio 14
VisualStudioVersion = 14.0.24720.0
MinimumVisualStudioVersion = 10.0.40219.1
Project("{FAE04EC0-301F-11D3-BF4B-00C04F79EFBC}") = "test", "test\test.csproj", "{19544DDA-DAD1-444D-9AA0-74C50EC421D0}"
EndProject
Project("{FAE04EC0-301F-11D3-BF4B-00C04F79EFBC}") = "DataLayer", "DataLayer\DataLayer.csproj", "{2328AB87-6688-42DD-A6AB-08997CD7F657}"
EndProject
Project("{FAE04EC0-301F-11D3-BF4B-00C04F79EFBC}") = "BusinessEntityLayer", "BusinessLayer\BusinessEntityLayer.csproj", "{ED60EB4F-194A-41CA-815F-A8041588E65D}"
EndProject
Project("{FAE04EC0-301F-11D3-BF4B-00C04F79EFBC}") = "BusinessAccessLayer", "BusinessAccessLayer\BusinessAccessLayer.csproj", "{F38C3352-A663-427C-AC29-F9EE724FD333}"
EndProject
Global
	GlobalSection(SolutionConfigurationPlatforms) = preSolution
		Debug|Any CPU = Debug|Any CPU
		Release|Any CPU = Release|Any CPU
	EndGlobalSection
	GlobalSection(ProjectConfigurationPlatforms) = postSolution
		{19544DDA-DAD1-444D-9AA0-74C50EC421D0}.Debug|Any CPU.ActiveCfg = Debug|Any CPU
		{19544DDA-DAD1-444D-9AA0-74C50EC421D0}.Debug|Any CPU.Build.0 = Debug|Any CPU
		{19544DDA-DAD1-444D-9AA0-74C50EC421D0}.Release|Any CPU.ActiveCfg = Release|Any CPU
		{19544DDA-DAD1-444D-9AA0-74C50EC421D0}.Release|Any CPU.Build.0 = Release|Any CPU
		{2328AB87-6688-42DD-A6AB-08997CD7F657}.Debug|Any CPU.ActiveCfg = Debug|Any CPU
		{2328AB87-6688-42DD-A6AB-08997CD7F657}.Debug|Any CPU.Build.0 = Debug|Any CPU
		{2328AB87-6688-42DD-A6AB-08997CD7F657}.Release|Any CPU.ActiveCfg = Release|Any CPU
		{2328AB87-6688-42DD-A6AB-08997CD7F657}.Release|Any CPU.Build.0 = Release|Any CPU
		{ED60EB4F-194A-41CA-815F-A8041588E65D}.Debug|Any CPU.ActiveCfg = Debug|Any CPU
		{ED60EB4F-194A-41CA-815F-A8041588E65D}.Debug|Any CPU.Build.0 = Debug|Any CPU
		{ED60EB4F-194A-41CA-815F-A8041588E65D}.Release|Any CPU.ActiveCfg = Release|Any CPU
		{ED60EB4F-194A-41CA-815F-A8041588E65D}.Release|Any CPU.Build.0 = Release|Any CPU
		{F38C3352-A663-427C-AC29-F9EE724FD333}.Debug|Any CPU.ActiveCfg = Debug|Any CPU
		{F38C3352-A663-427C-AC29-F9EE724FD333}.Debug|Any CPU.Build.0 = Debug|Any CPU
		{F38C3352-A663-427C-AC29-F9EE724FD333}.Release|Any CPU.ActiveCfg = Release|Any CPU
		{F38C3352-A663-427C-AC29-F9EE724FD333}.Release|Any CPU.Build.0 = Release|Any CPU
	EndGlobalSection
	GlobalSection(SolutionProperties) = preSolution
		HideSolutionNode = FALSE
	EndGlobalSection
EndGlobal
